// !$*UTF8*$!
{
	archiveVersion = 1;
	classes = {
	};
	objectVersion = 56;
	objects = {

/* Begin PBXBuildFile section */
		FC372BA529C3FA7000369672 /* AppDelegate.swift in Sources */ = {isa = PBXBuildFile; fileRef = FC372BA429C3FA7000369672 /* AppDelegate.swift */; };
		FC372BA729C3FA7000369672 /* SceneDelegate.swift in Sources */ = {isa = PBXBuildFile; fileRef = FC372BA629C3FA7000369672 /* SceneDelegate.swift */; };
		FC372BA929C3FA7000369672 /* ViewController.swift in Sources */ = {isa = PBXBuildFile; fileRef = FC372BA829C3FA7000369672 /* ViewController.swift */; };
		FC372BAC29C3FA7000369672 /* Main.storyboard in Resources */ = {isa = PBXBuildFile; fileRef = FC372BAA29C3FA7000369672 /* Main.storyboard */; };
		FC372BAE29C3FA7300369672 /* Assets.xcassets in Resources */ = {isa = PBXBuildFile; fileRef = FC372BAD29C3FA7300369672 /* Assets.xcassets */; };
		FC372BB129C3FA7300369672 /* LaunchScreen.storyboard in Resources */ = {isa = PBXBuildFile; fileRef = FC372BAF29C3FA7300369672 /* LaunchScreen.storyboard */; };
		FC372BBC29C3FA7400369672 /* DynamicTabBarItemsTests.swift in Sources */ = {isa = PBXBuildFile; fileRef = FC372BBB29C3FA7400369672 /* DynamicTabBarItemsTests.swift */; };
		FC372BC629C3FA7400369672 /* DynamicTabBarItemsUITests.swift in Sources */ = {isa = PBXBuildFile; fileRef = FC372BC529C3FA7400369672 /* DynamicTabBarItemsUITests.swift */; };
		FC372BC829C3FA7400369672 /* DynamicTabBarItemsUITestsLaunchTests.swift in Sources */ = {isa = PBXBuildFile; fileRef = FC372BC729C3FA7400369672 /* DynamicTabBarItemsUITestsLaunchTests.swift */; };
		FC372BD529C3FAA500369672 /* DashboardVC.swift in Sources */ = {isa = PBXBuildFile; fileRef = FC372BD429C3FAA500369672 /* DashboardVC.swift */; };
		FC372BD729C3FAB800369672 /* Dashboard.storyboard in Resources */ = {isa = PBXBuildFile; fileRef = FC372BD629C3FAB800369672 /* Dashboard.storyboard */; };
		FC372BDB29C3FBB500369672 /* AttendanceVC.swift in Sources */ = {isa = PBXBuildFile; fileRef = FC372BDA29C3FBB500369672 /* AttendanceVC.swift */; };
		FC372BDD29C3FBC900369672 /* Attendance.storyboard in Resources */ = {isa = PBXBuildFile; fileRef = FC372BDC29C3FBC900369672 /* Attendance.storyboard */; };
		FC372BDF29C3FC4600369672 /* TabBarControllerVC.swift in Sources */ = {isa = PBXBuildFile; fileRef = FC372BDE29C3FC4600369672 /* TabBarControllerVC.swift */; };
		FC372BE329C3FC7100369672 /* TabBarManager.swift in Sources */ = {isa = PBXBuildFile; fileRef = FC372BE029C3FC7000369672 /* TabBarManager.swift */; };
		FC372BE429C3FC7100369672 /* TabBar.json in Resources */ = {isa = PBXBuildFile; fileRef = FC372BE129C3FC7000369672 /* TabBar.json */; };
		FC372BE529C3FC7100369672 /* TabBarItem.swift in Sources */ = {isa = PBXBuildFile; fileRef = FC372BE229C3FC7100369672 /* TabBarItem.swift */; };
		FC372BEA29C3FF0F00369672 /* PayslipsViewController.swift in Sources */ = {isa = PBXBuildFile; fileRef = FC372BE929C3FF0F00369672 /* PayslipsViewController.swift */; };
		FC372BEC29C3FF2200369672 /* Payslips.storyboard in Resources */ = {isa = PBXBuildFile; fileRef = FC372BEB29C3FF2200369672 /* Payslips.storyboard */; };
		FC372BEE29C3FF3300369672 /* Expanse.storyboard in Resources */ = {isa = PBXBuildFile; fileRef = FC372BED29C3FF3300369672 /* Expanse.storyboard */; };
		FC372BF029C3FF3F00369672 /* Leaves.storyboard in Resources */ = {isa = PBXBuildFile; fileRef = FC372BEF29C3FF3F00369672 /* Leaves.storyboard */; };
		FC372BF229C3FF5B00369672 /* ExpanseVC.swift in Sources */ = {isa = PBXBuildFile; fileRef = FC372BF129C3FF5B00369672 /* ExpanseVC.swift */; };
		FC372BF429C3FF6D00369672 /* LeaveVC.swift in Sources */ = {isa = PBXBuildFile; fileRef = FC372BF329C3FF6D00369672 /* LeaveVC.swift */; };
		FC372BF729C400B900369672 /* SurveyVC.swift in Sources */ = {isa = PBXBuildFile; fileRef = FC372BF629C400B900369672 /* SurveyVC.swift */; };
		FC372BF929C400CA00369672 /* Survey.storyboard in Resources */ = {isa = PBXBuildFile; fileRef = FC372BF829C400CA00369672 /* Survey.storyboard */; };
/* End PBXBuildFile section */

/* Begin PBXContainerItemProxy section */
		FC372BB829C3FA7400369672 /* PBXContainerItemProxy */ = {
			isa = PBXContainerItemProxy;
			containerPortal = FC372B9929C3FA7000369672 /* Project object */;
			proxyType = 1;
			remoteGlobalIDString = FC372BA029C3FA7000369672;
			remoteInfo = DynamicTabBarItems;
		};
		FC372BC229C3FA7400369672 /* PBXContainerItemProxy */ = {
			isa = PBXContainerItemProxy;
			containerPortal = FC372B9929C3FA7000369672 /* Project object */;
			proxyType = 1;
			remoteGlobalIDString = FC372BA029C3FA7000369672;
			remoteInfo = DynamicTabBarItems;
		};
/* End PBXContainerItemProxy section */

/* Begin PBXFileReference section */
		FC372BA129C3FA7000369672 /* DynamicTabBarItems.app */ = {isa = PBXFileReference; explicitFileType = wrapper.application; includeInIndex = 0; path = DynamicTabBarItems.app; sourceTree = BUILT_PRODUCTS_DIR; };
		FC372BA429C3FA7000369672 /* AppDelegate.swift */ = {isa = PBXFileReference; lastKnownFileType = sourcecode.swift; path = AppDelegate.swift; sourceTree = "<group>"; };
		FC372BA629C3FA7000369672 /* SceneDelegate.swift */ = {isa = PBXFileReference; lastKnownFileType = sourcecode.swift; path = SceneDelegate.swift; sourceTree = "<group>"; };
		FC372BA829C3FA7000369672 /* ViewController.swift */ = {isa = PBXFileReference; lastKnownFileType = sourcecode.swift; path = ViewController.swift; sourceTree = "<group>"; };
		FC372BAB29C3FA7000369672 /* Base */ = {isa = PBXFileReference; lastKnownFileType = file.storyboard; name = Base; path = Base.lproj/Main.storyboard; sourceTree = "<group>"; };
		FC372BAD29C3FA7300369672 /* Assets.xcassets */ = {isa = PBXFileReference; lastKnownFileType = folder.assetcatalog; path = Assets.xcassets; sourceTree = "<group>"; };
		FC372BB029C3FA7300369672 /* Base */ = {isa = PBXFileReference; lastKnownFileType = file.storyboard; name = Base; path = Base.lproj/LaunchScreen.storyboard; sourceTree = "<group>"; };
		FC372BB229C3FA7300369672 /* Info.plist */ = {isa = PBXFileReference; lastKnownFileType = text.plist.xml; path = Info.plist; sourceTree = "<group>"; };
		FC372BB729C3FA7400369672 /* DynamicTabBarItemsTests.xctest */ = {isa = PBXFileReference; explicitFileType = wrapper.cfbundle; includeInIndex = 0; path = DynamicTabBarItemsTests.xctest; sourceTree = BUILT_PRODUCTS_DIR; };
		FC372BBB29C3FA7400369672 /* DynamicTabBarItemsTests.swift */ = {isa = PBXFileReference; lastKnownFileType = sourcecode.swift; path = DynamicTabBarItemsTests.swift; sourceTree = "<group>"; };
		FC372BC129C3FA7400369672 /* DynamicTabBarItemsUITests.xctest */ = {isa = PBXFileReference; explicitFileType = wrapper.cfbundle; includeInIndex = 0; path = DynamicTabBarItemsUITests.xctest; sourceTree = BUILT_PRODUCTS_DIR; };
		FC372BC529C3FA7400369672 /* DynamicTabBarItemsUITests.swift */ = {isa = PBXFileReference; lastKnownFileType = sourcecode.swift; path = DynamicTabBarItemsUITests.swift; sourceTree = "<group>"; };
		FC372BC729C3FA7400369672 /* DynamicTabBarItemsUITestsLaunchTests.swift */ = {isa = PBXFileReference; lastKnownFileType = sourcecode.swift; path = DynamicTabBarItemsUITestsLaunchTests.swift; sourceTree = "<group>"; };
		FC372BD429C3FAA500369672 /* DashboardVC.swift */ = {isa = PBXFileReference; lastKnownFileType = sourcecode.swift; path = DashboardVC.swift; sourceTree = "<group>"; };
		FC372BD629C3FAB800369672 /* Dashboard.storyboard */ = {isa = PBXFileReference; lastKnownFileType = file.storyboard; path = Dashboard.storyboard; sourceTree = "<group>"; };
		FC372BDA29C3FBB500369672 /* AttendanceVC.swift */ = {isa = PBXFileReference; lastKnownFileType = sourcecode.swift; path = AttendanceVC.swift; sourceTree = "<group>"; };
		FC372BDC29C3FBC900369672 /* Attendance.storyboard */ = {isa = PBXFileReference; lastKnownFileType = file.storyboard; path = Attendance.storyboard; sourceTree = "<group>"; };
		FC372BDE29C3FC4600369672 /* TabBarControllerVC.swift */ = {isa = PBXFileReference; lastKnownFileType = sourcecode.swift; path = TabBarControllerVC.swift; sourceTree = "<group>"; };
		FC372BE029C3FC7000369672 /* TabBarManager.swift */ = {isa = PBXFileReference; fileEncoding = 4; lastKnownFileType = sourcecode.swift; path = TabBarManager.swift; sourceTree = "<group>"; };
		FC372BE129C3FC7000369672 /* TabBar.json */ = {isa = PBXFileReference; fileEncoding = 4; lastKnownFileType = text.json; path = TabBar.json; sourceTree = "<group>"; };
		FC372BE229C3FC7100369672 /* TabBarItem.swift */ = {isa = PBXFileReference; fileEncoding = 4; lastKnownFileType = sourcecode.swift; path = TabBarItem.swift; sourceTree = "<group>"; };
		FC372BE929C3FF0F00369672 /* PayslipsViewController.swift */ = {isa = PBXFileReference; lastKnownFileType = sourcecode.swift; path = PayslipsViewController.swift; sourceTree = "<group>"; };
		FC372BEB29C3FF2200369672 /* Payslips.storyboard */ = {isa = PBXFileReference; lastKnownFileType = file.storyboard; path = Payslips.storyboard; sourceTree = "<group>"; };
		FC372BED29C3FF3300369672 /* Expanse.storyboard */ = {isa = PBXFileReference; lastKnownFileType = file.storyboard; path = Expanse.storyboard; sourceTree = "<group>"; };
		FC372BEF29C3FF3F00369672 /* Leaves.storyboard */ = {isa = PBXFileReference; lastKnownFileType = file.storyboard; path = Leaves.storyboard; sourceTree = "<group>"; };
		FC372BF129C3FF5B00369672 /* ExpanseVC.swift */ = {isa = PBXFileReference; lastKnownFileType = sourcecode.swift; path = ExpanseVC.swift; sourceTree = "<group>"; };
		FC372BF329C3FF6D00369672 /* LeaveVC.swift */ = {isa = PBXFileReference; lastKnownFileType = sourcecode.swift; path = LeaveVC.swift; sourceTree = "<group>"; };
		FC372BF629C400B900369672 /* SurveyVC.swift */ = {isa = PBXFileReference; lastKnownFileType = sourcecode.swift; path = SurveyVC.swift; sourceTree = "<group>"; };
		FC372BF829C400CA00369672 /* Survey.storyboard */ = {isa = PBXFileReference; lastKnownFileType = file.storyboard; path = Survey.storyboard; sourceTree = "<group>"; };
/* End PBXFileReference section */

/* Begin PBXFrameworksBuildPhase section */
		FC372B9E29C3FA7000369672 /* Frameworks */ = {
			isa = PBXFrameworksBuildPhase;
			buildActionMask = 2147483647;
			files = (
			);
			runOnlyForDeploymentPostprocessing = 0;
		};
		FC372BB429C3FA7400369672 /* Frameworks */ = {
			isa = PBXFrameworksBuildPhase;
			buildActionMask = 2147483647;
			files = (
			);
			runOnlyForDeploymentPostprocessing = 0;
		};
		FC372BBE29C3FA7400369672 /* Frameworks */ = {
			isa = PBXFrameworksBuildPhase;
			buildActionMask = 2147483647;
			files = (
			);
			runOnlyForDeploymentPostprocessing = 0;
		};
/* End PBXFrameworksBuildPhase section */

/* Begin PBXGroup section */
		FC372B9829C3FA7000369672 = {
			isa = PBXGroup;
			children = (
				FC372BA329C3FA7000369672 /* DynamicTabBarItems */,
				FC372BBA29C3FA7400369672 /* DynamicTabBarItemsTests */,
				FC372BC429C3FA7400369672 /* DynamicTabBarItemsUITests */,
				FC372BA229C3FA7000369672 /* Products */,
			);
			sourceTree = "<group>";
		};
		FC372BA229C3FA7000369672 /* Products */ = {
			isa = PBXGroup;
			children = (
				FC372BA129C3FA7000369672 /* DynamicTabBarItems.app */,
				FC372BB729C3FA7400369672 /* DynamicTabBarItemsTests.xctest */,
				FC372BC129C3FA7400369672 /* DynamicTabBarItemsUITests.xctest */,
			);
			name = Products;
			sourceTree = "<group>";
		};
		FC372BA329C3FA7000369672 /* DynamicTabBarItems */ = {
			isa = PBXGroup;
			children = (
				FC372BF529C400A400369672 /* Survey */,
				FC372BE829C3FEEE00369672 /* Payslips */,
				FC372BE729C3FEE500369672 /* Expanse */,
				FC372BE629C3FEDD00369672 /* Leaves */,
				FC372BD929C3FB9200369672 /* Attendance */,
				FC372BD829C3FABE00369672 /* Dashboard */,
				FC372BA429C3FA7000369672 /* AppDelegate.swift */,
				FC372BA629C3FA7000369672 /* SceneDelegate.swift */,
				FC372BE129C3FC7000369672 /* TabBar.json */,
				FC372BE229C3FC7100369672 /* TabBarItem.swift */,
				FC372BE029C3FC7000369672 /* TabBarManager.swift */,
				FC372BDE29C3FC4600369672 /* TabBarControllerVC.swift */,
				FC372BA829C3FA7000369672 /* ViewController.swift */,
				FC372BAA29C3FA7000369672 /* Main.storyboard */,
				FC372BAD29C3FA7300369672 /* Assets.xcassets */,
				FC372BAF29C3FA7300369672 /* LaunchScreen.storyboard */,
				FC372BB229C3FA7300369672 /* Info.plist */,
			);
			path = DynamicTabBarItems;
			sourceTree = "<group>";
		};
		FC372BBA29C3FA7400369672 /* DynamicTabBarItemsTests */ = {
			isa = PBXGroup;
			children = (
				FC372BBB29C3FA7400369672 /* DynamicTabBarItemsTests.swift */,
			);
			path = DynamicTabBarItemsTests;
			sourceTree = "<group>";
		};
		FC372BC429C3FA7400369672 /* DynamicTabBarItemsUITests */ = {
			isa = PBXGroup;
			children = (
				FC372BC529C3FA7400369672 /* DynamicTabBarItemsUITests.swift */,
				FC372BC729C3FA7400369672 /* DynamicTabBarItemsUITestsLaunchTests.swift */,
			);
			path = DynamicTabBarItemsUITests;
			sourceTree = "<group>";
		};
		FC372BD829C3FABE00369672 /* Dashboard */ = {
			isa = PBXGroup;
			children = (
				FC372BD429C3FAA500369672 /* DashboardVC.swift */,
				FC372BD629C3FAB800369672 /* Dashboard.storyboard */,
			);
			path = Dashboard;
			sourceTree = "<group>";
		};
		FC372BD929C3FB9200369672 /* Attendance */ = {
			isa = PBXGroup;
			children = (
				FC372BDA29C3FBB500369672 /* AttendanceVC.swift */,
				FC372BDC29C3FBC900369672 /* Attendance.storyboard */,
			);
			path = Attendance;
			sourceTree = "<group>";
		};
		FC372BE629C3FEDD00369672 /* Leaves */ = {
			isa = PBXGroup;
			children = (
				FC372BEF29C3FF3F00369672 /* Leaves.storyboard */,
				FC372BF329C3FF6D00369672 /* LeaveVC.swift */,
			);
			path = Leaves;
			sourceTree = "<group>";
		};
		FC372BE729C3FEE500369672 /* Expanse */ = {
			isa = PBXGroup;
			children = (
				FC372BED29C3FF3300369672 /* Expanse.storyboard */,
				FC372BF129C3FF5B00369672 /* ExpanseVC.swift */,
			);
			path = Expanse;
			sourceTree = "<group>";
		};
		FC372BE829C3FEEE00369672 /* Payslips */ = {
			isa = PBXGroup;
			children = (
				FC372BE929C3FF0F00369672 /* PayslipsViewController.swift */,
				FC372BEB29C3FF2200369672 /* Payslips.storyboard */,
			);
			path = Payslips;
			sourceTree = "<group>";
		};
		FC372BF529C400A400369672 /* Survey */ = {
			isa = PBXGroup;
			children = (
				FC372BF629C400B900369672 /* SurveyVC.swift */,
				FC372BF829C400CA00369672 /* Survey.storyboard */,
			);
			path = Survey;
			sourceTree = "<group>";
		};
/* End PBXGroup section */

/* Begin PBXNativeTarget section */
		FC372BA029C3FA7000369672 /* DynamicTabBarItems */ = {
			isa = PBXNativeTarget;
			buildConfigurationList = FC372BCB29C3FA7400369672 /* Build configuration list for PBXNativeTarget "DynamicTabBarItems" */;
			buildPhases = (
				FC372B9D29C3FA7000369672 /* Sources */,
				FC372B9E29C3FA7000369672 /* Frameworks */,
				FC372B9F29C3FA7000369672 /* Resources */,
			);
			buildRules = (
			);
			dependencies = (
			);
			name = DynamicTabBarItems;
			productName = DynamicTabBarItems;
			productReference = FC372BA129C3FA7000369672 /* DynamicTabBarItems.app */;
			productType = "com.apple.product-type.application";
		};
		FC372BB629C3FA7400369672 /* DynamicTabBarItemsTests */ = {
			isa = PBXNativeTarget;
			buildConfigurationList = FC372BCE29C3FA7400369672 /* Build configuration list for PBXNativeTarget "DynamicTabBarItemsTests" */;
			buildPhases = (
				FC372BB329C3FA7400369672 /* Sources */,
				FC372BB429C3FA7400369672 /* Frameworks */,
				FC372BB529C3FA7400369672 /* Resources */,
			);
			buildRules = (
			);
			dependencies = (
				FC372BB929C3FA7400369672 /* PBXTargetDependency */,
			);
			name = DynamicTabBarItemsTests;
			productName = DynamicTabBarItemsTests;
			productReference = FC372BB729C3FA7400369672 /* DynamicTabBarItemsTests.xctest */;
			productType = "com.apple.product-type.bundle.unit-test";
		};
		FC372BC029C3FA7400369672 /* DynamicTabBarItemsUITests */ = {
			isa = PBXNativeTarget;
			buildConfigurationList = FC372BD129C3FA7400369672 /* Build configuration list for PBXNativeTarget "DynamicTabBarItemsUITests" */;
			buildPhases = (
				FC372BBD29C3FA7400369672 /* Sources */,
				FC372BBE29C3FA7400369672 /* Frameworks */,
				FC372BBF29C3FA7400369672 /* Resources */,
			);
			buildRules = (
			);
			dependencies = (
				FC372BC329C3FA7400369672 /* PBXTargetDependency */,
			);
			name = DynamicTabBarItemsUITests;
			productName = DynamicTabBarItemsUITests;
			productReference = FC372BC129C3FA7400369672 /* DynamicTabBarItemsUITests.xctest */;
			productType = "com.apple.product-type.bundle.ui-testing";
		};
/* End PBXNativeTarget section */

/* Begin PBXProject section */
		FC372B9929C3FA7000369672 /* Project object */ = {
			isa = PBXProject;
			attributes = {
				BuildIndependentTargetsInParallel = 1;
				LastSwiftUpdateCheck = 1410;
				LastUpgradeCheck = 1410;
				TargetAttributes = {
					FC372BA029C3FA7000369672 = {
						CreatedOnToolsVersion = 14.1;
					};
					FC372BB629C3FA7400369672 = {
						CreatedOnToolsVersion = 14.1;
						TestTargetID = FC372BA029C3FA7000369672;
					};
					FC372BC029C3FA7400369672 = {
						CreatedOnToolsVersion = 14.1;
						TestTargetID = FC372BA029C3FA7000369672;
					};
				};
			};
			buildConfigurationList = FC372B9C29C3FA7000369672 /* Build configuration list for PBXProject "DynamicTabBarItems" */;
			compatibilityVersion = "Xcode 14.0";
			developmentRegion = en;
			hasScannedForEncodings = 0;
			knownRegions = (
				en,
				Base,
			);
			mainGroup = FC372B9829C3FA7000369672;
			productRefGroup = FC372BA229C3FA7000369672 /* Products */;
			projectDirPath = "";
			projectRoot = "";
			targets = (
				FC372BA029C3FA7000369672 /* DynamicTabBarItems */,
				FC372BB629C3FA7400369672 /* DynamicTabBarItemsTests */,
				FC372BC029C3FA7400369672 /* DynamicTabBarItemsUITests */,
			);
		};
/* End PBXProject section */

/* Begin PBXResourcesBuildPhase section */
		FC372B9F29C3FA7000369672 /* Resources */ = {
			isa = PBXResourcesBuildPhase;
			buildActionMask = 2147483647;
			files = (
				FC372BF929C400CA00369672 /* Survey.storyboard in Resources */,
				FC372BB129C3FA7300369672 /* LaunchScreen.storyboard in Resources */,
				FC372BEC29C3FF2200369672 /* Payslips.storyboard in Resources */,
				FC372BAE29C3FA7300369672 /* Assets.xcassets in Resources */,
				FC372BDD29C3FBC900369672 /* Attendance.storyboard in Resources */,
				FC372BAC29C3FA7000369672 /* Main.storyboard in Resources */,
				FC372BEE29C3FF3300369672 /* Expanse.storyboard in Resources */,
				FC372BD729C3FAB800369672 /* Dashboard.storyboard in Resources */,
				FC372BE429C3FC7100369672 /* TabBar.json in Resources */,
				FC372BF029C3FF3F00369672 /* Leaves.storyboard in Resources */,
			);
			runOnlyForDeploymentPostprocessing = 0;
		};
		FC372BB529C3FA7400369672 /* Resources */ = {
			isa = PBXResourcesBuildPhase;
			buildActionMask = 2147483647;
			files = (
			);
			runOnlyForDeploymentPostprocessing = 0;
		};
		FC372BBF29C3FA7400369672 /* Resources */ = {
			isa = PBXResourcesBuildPhase;
			buildActionMask = 2147483647;
			files = (
			);
			runOnlyForDeploymentPostprocessing = 0;
		};
/* End PBXResourcesBuildPhase section */

/* Begin PBXSourcesBuildPhase section */
		FC372B9D29C3FA7000369672 /* Sources */ = {
			isa = PBXSourcesBuildPhase;
			buildActionMask = 2147483647;
			files = (
				FC372BA929C3FA7000369672 /* ViewController.swift in Sources */,
				FC372BD529C3FAA500369672 /* DashboardVC.swift in Sources */,
				FC372BA529C3FA7000369672 /* AppDelegate.swift in Sources */,
				FC372BDB29C3FBB500369672 /* AttendanceVC.swift in Sources */,
				FC372BE329C3FC7100369672 /* TabBarManager.swift in Sources */,
				FC372BEA29C3FF0F00369672 /* PayslipsViewController.swift in Sources */,
				FC372BDF29C3FC4600369672 /* TabBarControllerVC.swift in Sources */,
				FC372BE529C3FC7100369672 /* TabBarItem.swift in Sources */,
				FC372BF729C400B900369672 /* SurveyVC.swift in Sources */,
				FC372BF429C3FF6D00369672 /* LeaveVC.swift in Sources */,
				FC372BA729C3FA7000369672 /* SceneDelegate.swift in Sources */,
				FC372BF229C3FF5B00369672 /* ExpanseVC.swift in Sources */,
			);
			runOnlyForDeploymentPostprocessing = 0;
		};
		FC372BB329C3FA7400369672 /* Sources */ = {
			isa = PBXSourcesBuildPhase;
			buildActionMask = 2147483647;
			files = (
				FC372BBC29C3FA7400369672 /* DynamicTabBarItemsTests.swift in Sources */,
			);
			runOnlyForDeploymentPostprocessing = 0;
		};
		FC372BBD29C3FA7400369672 /* Sources */ = {
			isa = PBXSourcesBuildPhase;
			buildActionMask = 2147483647;
			files = (
				FC372BC629C3FA7400369672 /* DynamicTabBarItemsUITests.swift in Sources */,
				FC372BC829C3FA7400369672 /* DynamicTabBarItemsUITestsLaunchTests.swift in Sources */,
			);
			runOnlyForDeploymentPostprocessing = 0;
		};
/* End PBXSourcesBuildPhase section */

/* Begin PBXTargetDependency section */
		FC372BB929C3FA7400369672 /* PBXTargetDependency */ = {
			isa = PBXTargetDependency;
			target = FC372BA029C3FA7000369672 /* DynamicTabBarItems */;
			targetProxy = FC372BB829C3FA7400369672 /* PBXContainerItemProxy */;
		};
		FC372BC329C3FA7400369672 /* PBXTargetDependency */ = {
			isa = PBXTargetDependency;
			target = FC372BA029C3FA7000369672 /* DynamicTabBarItems */;
			targetProxy = FC372BC229C3FA7400369672 /* PBXContainerItemProxy */;
		};
/* End PBXTargetDependency section */

/* Begin PBXVariantGroup section */
		FC372BAA29C3FA7000369672 /* Main.storyboard */ = {
			isa = PBXVariantGroup;
			children = (
				FC372BAB29C3FA7000369672 /* Base */,
			);
			name = Main.storyboard;
			sourceTree = "<group>";
		};
		FC372BAF29C3FA7300369672 /* LaunchScreen.storyboard */ = {
			isa = PBXVariantGroup;
			children = (
				FC372BB029C3FA7300369672 /* Base */,
			);
			name = LaunchScreen.storyboard;
			sourceTree = "<group>";
		};
/* End PBXVariantGroup section */

/* Begin XCBuildConfiguration section */
		FC372BC929C3FA7400369672 /* Debug */ = {
			isa = XCBuildConfiguration;
			buildSettings = {
				ALWAYS_SEARCH_USER_PATHS = NO;
				CLANG_ANALYZER_NONNULL = YES;
				CLANG_ANALYZER_NUMBER_OBJECT_CONVERSION = YES_AGGRESSIVE;
				CLANG_CXX_LANGUAGE_STANDARD = "gnu++20";
				CLANG_ENABLE_MODULES = YES;
				CLANG_ENABLE_OBJC_ARC = YES;
				CLANG_ENABLE_OBJC_WEAK = YES;
				CLANG_WARN_BLOCK_CAPTURE_AUTORELEASING = YES;
				CLANG_WARN_BOOL_CONVERSION = YES;
				CLANG_WARN_COMMA = YES;
				CLANG_WARN_CONSTANT_CONVERSION = YES;
				CLANG_WARN_DEPRECATED_OBJC_IMPLEMENTATIONS = YES;
				CLANG_WARN_DIRECT_OBJC_ISA_USAGE = YES_ERROR;
				CLANG_WARN_DOCUMENTATION_COMMENTS = YES;
				CLANG_WARN_EMPTY_BODY = YES;
				CLANG_WARN_ENUM_CONVERSION = YES;
				CLANG_WARN_INFINITE_RECURSION = YES;
				CLANG_WARN_INT_CONVERSION = YES;
				CLANG_WARN_NON_LITERAL_NULL_CONVERSION = YES;
				CLANG_WARN_OBJC_IMPLICIT_RETAIN_SELF = YES;
				CLANG_WARN_OBJC_LITERAL_CONVERSION = YES;
				CLANG_WARN_OBJC_ROOT_CLASS = YES_ERROR;
				CLANG_WARN_QUOTED_INCLUDE_IN_FRAMEWORK_HEADER = YES;
				CLANG_WARN_RANGE_LOOP_ANALYSIS = YES;
				CLANG_WARN_STRICT_PROTOTYPES = YES;
				CLANG_WARN_SUSPICIOUS_MOVE = YES;
				CLANG_WARN_UNGUARDED_AVAILABILITY = YES_AGGRESSIVE;
				CLANG_WARN_UNREACHABLE_CODE = YES;
				CLANG_WARN__DUPLICATE_METHOD_MATCH = YES;
				COPY_PHASE_STRIP = NO;
				DEBUG_INFORMATION_FORMAT = dwarf;
				ENABLE_STRICT_OBJC_MSGSEND = YES;
				ENABLE_TESTABILITY = YES;
				GCC_C_LANGUAGE_STANDARD = gnu11;
				GCC_DYNAMIC_NO_PIC = NO;
				GCC_NO_COMMON_BLOCKS = YES;
				GCC_OPTIMIZATION_LEVEL = 0;
				GCC_PREPROCESSOR_DEFINITIONS = (
					"DEBUG=1",
					"$(inherited)",
				);
				GCC_WARN_64_TO_32_BIT_CONVERSION = YES;
				GCC_WARN_ABOUT_RETURN_TYPE = YES_ERROR;
				GCC_WARN_UNDECLARED_SELECTOR = YES;
				GCC_WARN_UNINITIALIZED_AUTOS = YES_AGGRESSIVE;
				GCC_WARN_UNUSED_FUNCTION = YES;
				GCC_WARN_UNUSED_VARIABLE = YES;
				IPHONEOS_DEPLOYMENT_TARGET = 16.1;
				MTL_ENABLE_DEBUG_INFO = INCLUDE_SOURCE;
				MTL_FAST_MATH = YES;
				ONLY_ACTIVE_ARCH = YES;
				SDKROOT = iphoneos;
				SWIFT_ACTIVE_COMPILATION_CONDITIONS = DEBUG;
				SWIFT_OPTIMIZATION_LEVEL = "-Onone";
			};
			name = Debug;
		};
		FC372BCA29C3FA7400369672 /* Release */ = {
			isa = XCBuildConfiguration;
			buildSettings = {
				ALWAYS_SEARCH_USER_PATHS = NO;
				CLANG_ANALYZER_NONNULL = YES;
				CLANG_ANALYZER_NUMBER_OBJECT_CONVERSION = YES_AGGRESSIVE;
				CLANG_CXX_LANGUAGE_STANDARD = "gnu++20";
				CLANG_ENABLE_MODULES = YES;
				CLANG_ENABLE_OBJC_ARC = YES;
				CLANG_ENABLE_OBJC_WEAK = YES;
				CLANG_WARN_BLOCK_CAPTURE_AUTORELEASING = YES;
				CLANG_WARN_BOOL_CONVERSION = YES;
				CLANG_WARN_COMMA = YES;
				CLANG_WARN_CONSTANT_CONVERSION = YES;
				CLANG_WARN_DEPRECATED_OBJC_IMPLEMENTATIONS = YES;
				CLANG_WARN_DIRECT_OBJC_ISA_USAGE = YES_ERROR;
				CLANG_WARN_DOCUMENTATION_COMMENTS = YES;
				CLANG_WARN_EMPTY_BODY = YES;
				CLANG_WARN_ENUM_CONVERSION = YES;
				CLANG_WARN_INFINITE_RECURSION = YES;
				CLANG_WARN_INT_CONVERSION = YES;
				CLANG_WARN_NON_LITERAL_NULL_CONVERSION = YES;
				CLANG_WARN_OBJC_IMPLICIT_RETAIN_SELF = YES;
				CLANG_WARN_OBJC_LITERAL_CONVERSION = YES;
				CLANG_WARN_OBJC_ROOT_CLASS = YES_ERROR;
				CLANG_WARN_QUOTED_INCLUDE_IN_FRAMEWORK_HEADER = YES;
				CLANG_WARN_RANGE_LOOP_ANALYSIS = YES;
				CLANG_WARN_STRICT_PROTOTYPES = YES;
				CLANG_WARN_SUSPICIOUS_MOVE = YES;
				CLANG_WARN_UNGUARDED_AVAILABILITY = YES_AGGRESSIVE;
				CLANG_WARN_UNREACHABLE_CODE = YES;
				CLANG_WARN__DUPLICATE_METHOD_MATCH = YES;
				COPY_PHASE_STRIP = NO;
				DEBUG_INFORMATION_FORMAT = "dwarf-with-dsym";
				ENABLE_NS_ASSERTIONS = NO;
				ENABLE_STRICT_OBJC_MSGSEND = YES;
				GCC_C_LANGUAGE_STANDARD = gnu11;
				GCC_NO_COMMON_BLOCKS = YES;
				GCC_WARN_64_TO_32_BIT_CONVERSION = YES;
				GCC_WARN_ABOUT_RETURN_TYPE = YES_ERROR;
				GCC_WARN_UNDECLARED_SELECTOR = YES;
				GCC_WARN_UNINITIALIZED_AUTOS = YES_AGGRESSIVE;
				GCC_WARN_UNUSED_FUNCTION = YES;
				GCC_WARN_UNUSED_VARIABLE = YES;
				IPHONEOS_DEPLOYMENT_TARGET = 16.1;
				MTL_ENABLE_DEBUG_INFO = NO;
				MTL_FAST_MATH = YES;
				SDKROOT = iphoneos;
				SWIFT_COMPILATION_MODE = wholemodule;
				SWIFT_OPTIMIZATION_LEVEL = "-O";
				VALIDATE_PRODUCT = YES;
			};
			name = Release;
		};
		FC372BCC29C3FA7400369672 /* Debug */ = {
			isa = XCBuildConfiguration;
			buildSettings = {
				ASSETCATALOG_COMPILER_APPICON_NAME = AppIcon;
				ASSETCATALOG_COMPILER_GLOBAL_ACCENT_COLOR_NAME = AccentColor;
				CODE_SIGN_STYLE = Automatic;
				CURRENT_PROJECT_VERSION = 1;
				GENERATE_INFOPLIST_FILE = YES;
				INFOPLIST_FILE = DynamicTabBarItems/Info.plist;
				INFOPLIST_KEY_UIApplicationSupportsIndirectInputEvents = YES;
				INFOPLIST_KEY_UILaunchStoryboardName = LaunchScreen;
				INFOPLIST_KEY_UIMainStoryboardFile = Main;
				INFOPLIST_KEY_UISupportedInterfaceOrientations_iPad = "UIInterfaceOrientationPortrait UIInterfaceOrientationPortraitUpsideDown UIInterfaceOrientationLandscapeLeft UIInterfaceOrientationLandscapeRight";
				INFOPLIST_KEY_UISupportedInterfaceOrientations_iPhone = "UIInterfaceOrientationPortrait UIInterfaceOrientationLandscapeLeft UIInterfaceOrientationLandscapeRight";
				LD_RUNPATH_SEARCH_PATHS = (
					"$(inherited)",
					"@executable_path/Frameworks",
				);
				MARKETING_VERSION = 1.0;
				PRODUCT_BUNDLE_IDENTIFIER = Ramireddy.DynamicTabBarItems;
				PRODUCT_NAME = "$(TARGET_NAME)";
				SWIFT_EMIT_LOC_STRINGS = YES;
				SWIFT_VERSION = 5.0;
				TARGETED_DEVICE_FAMILY = "1,2";
			};
			name = Debug;
		};
		FC372BCD29C3FA7400369672 /* Release */ = {
			isa = XCBuildConfiguration;
			buildSettings = {
				ASSETCATALOG_COMPILER_APPICON_NAME = AppIcon;
				ASSETCATALOG_COMPILER_GLOBAL_ACCENT_COLOR_NAME = AccentColor;
				CODE_SIGN_STYLE = Automatic;
				CURRENT_PROJECT_VERSION = 1;
				GENERATE_INFOPLIST_FILE = YES;
				INFOPLIST_FILE = DynamicTabBarItems/Info.plist;
				INFOPLIST_KEY_UIApplicationSupportsIndirectInputEvents = YES;
				INFOPLIST_KEY_UILaunchStoryboardName = LaunchScreen;
				INFOPLIST_KEY_UIMainStoryboardFile = Main;
				INFOPLIST_KEY_UISupportedInterfaceOrientations_iPad = "UIInterfaceOrientationPortrait UIInterfaceOrientationPortraitUpsideDown UIInterfaceOrientationLandscapeLeft UIInterfaceOrientationLandscapeRight";
				INFOPLIST_KEY_UISupportedInterfaceOrientations_iPhone = "UIInterfaceOrientationPortrait UIInterfaceOrientationLandscapeLeft UIInterfaceOrientationLandscapeRight";
				LD_RUNPATH_SEARCH_PATHS = (
					"$(inherited)",
					"@executable_path/Frameworks",
				);
				MARKETING_VERSION = 1.0;
				PRODUCT_BUNDLE_IDENTIFIER = Ramireddy.DynamicTabBarItems;
				PRODUCT_NAME = "$(TARGET_NAME)";
				SWIFT_EMIT_LOC_STRINGS = YES;
				SWIFT_VERSION = 5.0;
				TARGETED_DEVICE_FAMILY = "1,2";
			};
			name = Release;
		};
		FC372BCF29C3FA7400369672 /* Debug */ = {
			isa = XCBuildConfiguration;
			buildSettings = {
				ALWAYS_EMBED_SWIFT_STANDARD_LIBRARIES = YES;
				BUNDLE_LOADER = "$(TEST_HOST)";
				CODE_SIGN_STYLE = Automatic;
				CURRENT_PROJECT_VERSION = 1;
				GENERATE_INFOPLIST_FILE = YES;
				IPHONEOS_DEPLOYMENT_TARGET = 16.1;
				MARKETING_VERSION = 1.0;
				PRODUCT_BUNDLE_IDENTIFIER = Ramireddy.DynamicTabBarItemsTests;
				PRODUCT_NAME = "$(TARGET_NAME)";
				SWIFT_EMIT_LOC_STRINGS = NO;
				SWIFT_VERSION = 5.0;
				TARGETED_DEVICE_FAMILY = "1,2";
				TEST_HOST = "$(BUILT_PRODUCTS_DIR)/DynamicTabBarItems.app/$(BUNDLE_EXECUTABLE_FOLDER_PATH)/DynamicTabBarItems";
			};
			name = Debug;
		};
		FC372BD029C3FA7400369672 /* Release */ = {
			isa = XCBuildConfiguration;
			buildSettings = {
				ALWAYS_EMBED_SWIFT_STANDARD_LIBRARIES = YES;
				BUNDLE_LOADER = "$(TEST_HOST)";
				CODE_SIGN_STYLE = Automatic;
				CURRENT_PROJECT_VERSION = 1;
				GENERATE_INFOPLIST_FILE = YES;
				IPHONEOS_DEPLOYMENT_TARGET = 16.1;
				MARKETING_VERSION = 1.0;
				PRODUCT_BUNDLE_IDENTIFIER = Ramireddy.DynamicTabBarItemsTests;
				PRODUCT_NAME = "$(TARGET_NAME)";
				SWIFT_EMIT_LOC_STRINGS = NO;
				SWIFT_VERSION = 5.0;
				TARGETED_DEVICE_FAMILY = "1,2";
				TEST_HOST = "$(BUILT_PRODUCTS_DIR)/DynamicTabBarItems.app/$(BUNDLE_EXECUTABLE_FOLDER_PATH)/DynamicTabBarItems";
			};
			name = Release;
		};
		FC372BD229C3FA7400369672 /* Debug */ = {
			isa = XCBuildConfiguration;
			buildSettings = {
				ALWAYS_EMBED_SWIFT_STANDARD_LIBRARIES = YES;
				CODE_SIGN_STYLE = Automatic;
				CURRENT_PROJECT_VERSION = 1;
				GENERATE_INFOPLIST_FILE = YES;
				MARKETING_VERSION = 1.0;
				PRODUCT_BUNDLE_IDENTIFIER = Ramireddy.DynamicTabBarItemsUITests;
				PRODUCT_NAME = "$(TARGET_NAME)";
				SWIFT_EMIT_LOC_STRINGS = NO;
				SWIFT_VERSION = 5.0;
				TARGETED_DEVICE_FAMILY = "1,2";
				TEST_TARGET_NAME = DynamicTabBarItems;
			};
			name = Debug;
		};
		FC372BD329C3FA7400369672 /* Release */ = {
			isa = XCBuildConfiguration;
			buildSettings = {
				ALWAYS_EMBED_SWIFT_STANDARD_LIBRARIES = YES;
				CODE_SIGN_STYLE = Automatic;
				CURRENT_PROJECT_VERSION = 1;
				GENERATE_INFOPLIST_FILE = YES;
				MARKETING_VERSION = 1.0;
				PRODUCT_BUNDLE_IDENTIFIER = Ramireddy.DynamicTabBarItemsUITests;
				PRODUCT_NAME = "$(TARGET_NAME)";
				SWIFT_EMIT_LOC_STRINGS = NO;
				SWIFT_VERSION = 5.0;
				TARGETED_DEVICE_FAMILY = "1,2";
				TEST_TARGET_NAME = DynamicTabBarItems;
			};
			name = Release;
		};
/* End XCBuildConfiguration section */

/* Begin XCConfigurationList section */
		FC372B9C29C3FA7000369672 /* Build configuration list for PBXProject "DynamicTabBarItems" */ = {
			isa = XCConfigurationList;
			buildConfigurations = (
				FC372BC929C3FA7400369672 /* Debug */,
				FC372BCA29C3FA7400369672 /* Release */,
			);
			defaultConfigurationIsVisible = 0;
			defaultConfigurationName = Release;
		};
		FC372BCB29C3FA7400369672 /* Build configuration list for PBXNativeTarget "DynamicTabBarItems" */ = {
			isa = XCConfigurationList;
			buildConfigurations = (
				FC372BCC29C3FA7400369672 /* Debug */,
				FC372BCD29C3FA7400369672 /* Release */,
			);
			defaultConfigurationIsVisible = 0;
			defaultConfigurationName = Release;
		};
		FC372BCE29C3FA7400369672 /* Build configuration list for PBXNativeTarget "DynamicTabBarItemsTests" */ = {
			isa = XCConfigurationList;
			buildConfigurations = (
				FC372BCF29C3FA7400369672 /* Debug */,
				FC372BD029C3FA7400369672 /* Release */,
			);
			defaultConfigurationIsVisible = 0;
			defaultConfigurationName = Release;
		};
		FC372BD129C3FA7400369672 /* Build configuration list for PBXNativeTarget "DynamicTabBarItemsUITests" */ = {
			isa = XCConfigurationList;
			buildConfigurations = (
				FC372BD229C3FA7400369672 /* Debug */,
				FC372BD329C3FA7400369672 /* Release */,
			);
			defaultConfigurationIsVisible = 0;
			defaultConfigurationName = Release;
		};
/* End XCConfigurationList section */
	};
	rootObject = FC372B9929C3FA7000369672 /* Project object */;
}
